
Microsoft Visual Studio Solution File, Format Version 12.00
# Visual Studio Version 17
VisualStudioVersion = 17.5.002.0
MinimumVisualStudioVersion = 10.0.40219.1
Project("{9A19103F-16F7-4668-BE54-9A1E7A4F7556}") = "Day_1", "Day_1.csproj", "{ED2C4726-741F-4EB1-8754-32980C739F74}"
EndProject
Global
	GlobalSection(SolutionConfigurationPlatforms) = preSolution
		Debug|Any CPU = Debug|Any CPU
		Release|Any CPU = Release|Any CPU
	EndGlobalSection
	GlobalSection(ProjectConfigurationPlatforms) = postSolution
		{ED2C4726-741F-4EB1-8754-32980C739F74}.Debug|Any CPU.ActiveCfg = Debug|Any CPU
		{ED2C4726-741F-4EB1-8754-32980C739F74}.Debug|Any CPU.Build.0 = Debug|Any CPU
		{ED2C4726-741F-4EB1-8754-32980C739F74}.Release|Any CPU.ActiveCfg = Release|Any CPU
		{ED2C4726-741F-4EB1-8754-32980C739F74}.Release|Any CPU.Build.0 = Release|Any CPU
	EndGlobalSection
	GlobalSection(SolutionProperties) = preSolution
		HideSolutionNode = FALSE
	EndGlobalSection
	GlobalSection(ExtensibilityGlobals) = postSolution
		SolutionGuid = {AD96EFC1-B6FC-4E48-BB71-A74845D9705A}
	EndGlobalSection
EndGlobal
