
Microsoft Visual Studio Solution File, Format Version 12.00
# Visual Studio Version 17
VisualStudioVersion = 17.5.002.0
MinimumVisualStudioVersion = 10.0.40219.1
Project("{9A19103F-16F7-4668-BE54-9A1E7A4F7556}") = "Day_10", "Day_10.csproj", "{851F819A-6A06-40B2-B673-01CC94D770BD}"
EndProject
Global
	GlobalSection(SolutionConfigurationPlatforms) = preSolution
		Debug|Any CPU = Debug|Any CPU
		Release|Any CPU = Release|Any CPU
	EndGlobalSection
	GlobalSection(ProjectConfigurationPlatforms) = postSolution
		{851F819A-6A06-40B2-B673-01CC94D770BD}.Debug|Any CPU.ActiveCfg = Debug|Any CPU
		{851F819A-6A06-40B2-B673-01CC94D770BD}.Debug|Any CPU.Build.0 = Debug|Any CPU
		{851F819A-6A06-40B2-B673-01CC94D770BD}.Release|Any CPU.ActiveCfg = Release|Any CPU
		{851F819A-6A06-40B2-B673-01CC94D770BD}.Release|Any CPU.Build.0 = Release|Any CPU
	EndGlobalSection
	GlobalSection(SolutionProperties) = preSolution
		HideSolutionNode = FALSE
	EndGlobalSection
	GlobalSection(ExtensibilityGlobals) = postSolution
		SolutionGuid = {880EE63B-B1EE-40C3-A961-CA1EB02FD5B7}
	EndGlobalSection
EndGlobal
